
Microsoft Visual Studio Solution File, Format Version 12.00
# Visual Studio 15
VisualStudioVersion = 15.0.28307.1972
MinimumVisualStudioVersion = 10.0.40219.1
Project("{FAE04EC0-301F-11D3-BF4B-00C04F79EFBC}") = "Лаб_12", "Лаб_12\Лаб_12.csproj", "{EC9B2596-A6A0-424C-A261-52FD27684036}"
EndProject
Project("{FAE04EC0-301F-11D3-BF4B-00C04F79EFBC}") = "UnitTestProject1", "UnitTestProject1\UnitTestProject1.csproj", "{5DEBFACF-2313-48BA-8C5F-0D887956CDFB}"
EndProject
Global
	GlobalSection(SolutionConfigurationPlatforms) = preSolution
		Debug|Any CPU = Debug|Any CPU
		Release|Any CPU = Release|Any CPU
	EndGlobalSection
	GlobalSection(ProjectConfigurationPlatforms) = postSolution
		{EC9B2596-A6A0-424C-A261-52FD27684036}.Debug|Any CPU.ActiveCfg = Debug|Any CPU
		{EC9B2596-A6A0-424C-A261-52FD27684036}.Debug|Any CPU.Build.0 = Debug|Any CPU
		{EC9B2596-A6A0-424C-A261-52FD27684036}.Release|Any CPU.ActiveCfg = Release|Any CPU
		{EC9B2596-A6A0-424C-A261-52FD27684036}.Release|Any CPU.Build.0 = Release|Any CPU
		{5DEBFACF-2313-48BA-8C5F-0D887956CDFB}.Debug|Any CPU.ActiveCfg = Debug|Any CPU
		{5DEBFACF-2313-48BA-8C5F-0D887956CDFB}.Debug|Any CPU.Build.0 = Debug|Any CPU
		{5DEBFACF-2313-48BA-8C5F-0D887956CDFB}.Release|Any CPU.ActiveCfg = Release|Any CPU
		{5DEBFACF-2313-48BA-8C5F-0D887956CDFB}.Release|Any CPU.Build.0 = Release|Any CPU
	EndGlobalSection
	GlobalSection(SolutionProperties) = preSolution
		HideSolutionNode = FALSE
	EndGlobalSection
	GlobalSection(ExtensibilityGlobals) = postSolution
		SolutionGuid = {20A40348-8B54-40AB-80F9-1361144D3EA2}
	EndGlobalSection
EndGlobal
